
Microsoft Visual Studio Solution File, Format Version 12.00
# Visual Studio Version 17
VisualStudioVersion = 17.9.34723.18
MinimumVisualStudioVersion = 10.0.40219.1
Project("{FAE04EC0-301F-11D3-BF4B-00C04F79EFBC}") = "z-zaydy_najat", "z-zaydy_najat\z-zaydy_najat.csproj", "{7D51DB1D-58CB-4B55-B04D-4C56BD13BEDF}"
EndProject
Global
	GlobalSection(SolutionConfigurationPlatforms) = preSolution
		Debug|Any CPU = Debug|Any CPU
		Release|Any CPU = Release|Any CPU
	EndGlobalSection
	GlobalSection(ProjectConfigurationPlatforms) = postSolution
		{7D51DB1D-58CB-4B55-B04D-4C56BD13BEDF}.Debug|Any CPU.ActiveCfg = Debug|Any CPU
		{7D51DB1D-58CB-4B55-B04D-4C56BD13BEDF}.Debug|Any CPU.Build.0 = Debug|Any CPU
		{7D51DB1D-58CB-4B55-B04D-4C56BD13BEDF}.Release|Any CPU.ActiveCfg = Release|Any CPU
		{7D51DB1D-58CB-4B55-B04D-4C56BD13BEDF}.Release|Any CPU.Build.0 = Release|Any CPU
	EndGlobalSection
	GlobalSection(SolutionProperties) = preSolution
		HideSolutionNode = FALSE
	EndGlobalSection
	GlobalSection(ExtensibilityGlobals) = postSolution
		SolutionGuid = {10A0DDB1-1BAB-4481-A480-847B53FF80AC}
	EndGlobalSection
EndGlobal
